// !$*UTF8*$!
{
	archiveVersion = 1;
	classes = {
	};
	objectVersion = 46;
	objects = {

/* Begin PBXBuildFile section */
		56DBAE5D1EF7CFAA004F98DD /* AppDelegate.swift in Sources */ = {isa = PBXBuildFile; fileRef = 56DBAE5C1EF7CFAA004F98DD /* AppDelegate.swift */; };
		56DBAE621EF7CFAA004F98DD /* Main.storyboard in Resources */ = {isa = PBXBuildFile; fileRef = 56DBAE601EF7CFAA004F98DD /* Main.storyboard */; };
		56DBAE641EF7CFAA004F98DD /* Assets.xcassets in Resources */ = {isa = PBXBuildFile; fileRef = 56DBAE631EF7CFAA004F98DD /* Assets.xcassets */; };
		56DBAE671EF7CFAA004F98DD /* LaunchScreen.storyboard in Resources */ = {isa = PBXBuildFile; fileRef = 56DBAE651EF7CFAA004F98DD /* LaunchScreen.storyboard */; };
/* End PBXBuildFile section */

/* Begin PBXFileReference section */
		56DBAE591EF7CFAA004F98DD /* DouYu.app */ = {isa = PBXFileReference; explicitFileType = wrapper.application; includeInIndex = 0; path = DouYu.app; sourceTree = BUILT_PRODUCTS_DIR; };
		56DBAE5C1EF7CFAA004F98DD /* AppDelegate.swift */ = {isa = PBXFileReference; lastKnownFileType = sourcecode.swift; path = AppDelegate.swift; sourceTree = "<group>"; };
		56DBAE611EF7CFAA004F98DD /* Base */ = {isa = PBXFileReference; lastKnownFileType = file.storyboard; name = Base; path = Base.lproj/Main.storyboard; sourceTree = "<group>"; };
		56DBAE631EF7CFAA004F98DD /* Assets.xcassets */ = {isa = PBXFileReference; lastKnownFileType = folder.assetcatalog; path = Assets.xcassets; sourceTree = "<group>"; };
		56DBAE661EF7CFAA004F98DD /* Base */ = {isa = PBXFileReference; lastKnownFileType = file.storyboard; name = Base; path = Base.lproj/LaunchScreen.storyboard; sourceTree = "<group>"; };
		56DBAE681EF7CFAA004F98DD /* Info.plist */ = {isa = PBXFileReference; lastKnownFileType = text.plist.xml; path = Info.plist; sourceTree = "<group>"; };
/* End PBXFileReference section */

/* Begin PBXFrameworksBuildPhase section */
		56DBAE561EF7CFAA004F98DD /* Frameworks */ = {
			isa = PBXFrameworksBuildPhase;
			buildActionMask = 2147483647;
			files = (
			);
			runOnlyForDeploymentPostprocessing = 0;
		};
/* End PBXFrameworksBuildPhase section */

/* Begin PBXGroup section */
		56DBAE501EF7CFAA004F98DD = {
			isa = PBXGroup;
			children = (
				56DBAE5B1EF7CFAA004F98DD /* DouYu */,
				56DBAE5A1EF7CFAA004F98DD /* Products */,
			);
			sourceTree = "<group>";
		};
		56DBAE5A1EF7CFAA004F98DD /* Products */ = {
			isa = PBXGroup;
			children = (
				56DBAE591EF7CFAA004F98DD /* DouYu.app */,
			);
			name = Products;
			sourceTree = "<group>";
		};
		56DBAE5B1EF7CFAA004F98DD /* DouYu */ = {
			isa = PBXGroup;
			children = (
				56DBAE5C1EF7CFAA004F98DD /* AppDelegate.swift */,
				56DBAE6E1EF7D1CA004F98DD /* Classes */,
				56DBAE631EF7CFAA004F98DD /* Assets.xcassets */,
				56DBAE651EF7CFAA004F98DD /* LaunchScreen.storyboard */,
				56DBAE681EF7CFAA004F98DD /* Info.plist */,
			);
			path = DouYu;
			sourceTree = "<group>";
		};
		56DBAE6E1EF7D1CA004F98DD /* Classes */ = {
			isa = PBXGroup;
			children = (
				56DBAE741EF7D1CA004F98DD /* Tools */,
				56DBAE751EF7D1F0004F98DD /* Main */,
				56DBAE711EF7D1CA004F98DD /* Home */,
				56DBAE721EF7D1CA004F98DD /* Live */,
				56DBAE6F1EF7D1CA004F98DD /* Focus */,
				56DBAE701EF7D1CA004F98DD /* Found */,
				56DBAE731EF7D1CA004F98DD /* Mine */,
			);
			path = Classes;
			sourceTree = "<group>";
		};
		56DBAE6F1EF7D1CA004F98DD /* Focus */ = {
			isa = PBXGroup;
			children = (
			);
			path = Focus;
			sourceTree = "<group>";
		};
		56DBAE701EF7D1CA004F98DD /* Found */ = {
			isa = PBXGroup;
			children = (
			);
			path = Found;
			sourceTree = "<group>";
		};
		56DBAE711EF7D1CA004F98DD /* Home */ = {
			isa = PBXGroup;
			children = (
			);
			path = Home;
			sourceTree = "<group>";
		};
		56DBAE721EF7D1CA004F98DD /* Live */ = {
			isa = PBXGroup;
			children = (
			);
			path = Live;
			sourceTree = "<group>";
		};
		56DBAE731EF7D1CA004F98DD /* Mine */ = {
			isa = PBXGroup;
			children = (
			);
			path = Mine;
			sourceTree = "<group>";
		};
		56DBAE741EF7D1CA004F98DD /* Tools */ = {
			isa = PBXGroup;
			children = (
			);
			path = Tools;
			sourceTree = "<group>";
		};
		56DBAE751EF7D1F0004F98DD /* Main */ = {
			isa = PBXGroup;
			children = (
				56DBAE601EF7CFAA004F98DD /* Main.storyboard */,
			);
			path = Main;
			sourceTree = "<group>";
		};
/* End PBXGroup section */

/* Begin PBXNativeTarget section */
		56DBAE581EF7CFAA004F98DD /* DouYu */ = {
			isa = PBXNativeTarget;
			buildConfigurationList = 56DBAE6B1EF7CFAA004F98DD /* Build configuration list for PBXNativeTarget "DouYu" */;
			buildPhases = (
				56DBAE551EF7CFAA004F98DD /* Sources */,
				56DBAE561EF7CFAA004F98DD /* Frameworks */,
				56DBAE571EF7CFAA004F98DD /* Resources */,
			);
			buildRules = (
			);
			dependencies = (
			);
			name = DouYu;
			productName = DouYu;
			productReference = 56DBAE591EF7CFAA004F98DD /* DouYu.app */;
			productType = "com.apple.product-type.application";
		};
/* End PBXNativeTarget section */

/* Begin PBXProject section */
		56DBAE511EF7CFAA004F98DD /* Project object */ = {
			isa = PBXProject;
			attributes = {
				LastSwiftUpdateCheck = 0820;
				LastUpgradeCheck = 0820;
				ORGANIZATIONNAME = Plo;
				TargetAttributes = {
					56DBAE581EF7CFAA004F98DD = {
						CreatedOnToolsVersion = 8.2.1;
						ProvisioningStyle = Automatic;
					};
				};
			};
			buildConfigurationList = 56DBAE541EF7CFAA004F98DD /* Build configuration list for PBXProject "DouYu" */;
			compatibilityVersion = "Xcode 3.2";
			developmentRegion = English;
			hasScannedForEncodings = 0;
			knownRegions = (
				en,
				Base,
			);
			mainGroup = 56DBAE501EF7CFAA004F98DD;
			productRefGroup = 56DBAE5A1EF7CFAA004F98DD /* Products */;
			projectDirPath = "";
			projectRoot = "";
			targets = (
				56DBAE581EF7CFAA004F98DD /* DouYu */,
			);
		};
/* End PBXProject section */

/* Begin PBXResourcesBuildPhase section */
		56DBAE571EF7CFAA004F98DD /* Resources */ = {
			isa = PBXResourcesBuildPhase;
			buildActionMask = 2147483647;
			files = (
				56DBAE671EF7CFAA004F98DD /* LaunchScreen.storyboard in Resources */,
				56DBAE641EF7CFAA004F98DD /* Assets.xcassets in Resources */,
				56DBAE621EF7CFAA004F98DD /* Main.storyboard in Resources */,
			);
			runOnlyForDeploymentPostprocessing = 0;
		};
/* End PBXResourcesBuildPhase section */

/* Begin PBXSourcesBuildPhase section */
		56DBAE551EF7CFAA004F98DD /* Sources */ = {
			isa = PBXSourcesBuildPhase;
			buildActionMask = 2147483647;
			files = (
				56DBAE5D1EF7CFAA004F98DD /* AppDelegate.swift in Sources */,
			);
			runOnlyForDeploymentPostprocessing = 0;
		};
/* End PBXSourcesBuildPhase section */

/* Begin PBXVariantGroup section */
		56DBAE601EF7CFAA004F98DD /* Main.storyboard */ = {
			isa = PBXVariantGroup;
			children = (
				56DBAE611EF7CFAA004F98DD /* Base */,
			);
			name = Main.storyboard;
			path = ../..;
			sourceTree = "<group>";
		};
		56DBAE651EF7CFAA004F98DD /* LaunchScreen.storyboard */ = {
			isa = PBXVariantGroup;
			children = (
				56DBAE661EF7CFAA004F98DD /* Base */,
			);
			name = LaunchScreen.storyboard;
			sourceTree = "<group>";
		};
/* End PBXVariantGroup section */

/* Begin XCBuildConfiguration section */
		56DBAE691EF7CFAA004F98DD /* Debug */ = {
			isa = XCBuildConfiguration;
			buildSettings = {
				ALWAYS_SEARCH_USER_PATHS = NO;
				CLANG_ANALYZER_NONNULL = YES;
				CLANG_CXX_LANGUAGE_STANDARD = "gnu++0x";
				CLANG_CXX_LIBRARY = "libc++";
				CLANG_ENABLE_MODULES = YES;
				CLANG_ENABLE_OBJC_ARC = YES;
				CLANG_WARN_BOOL_CONVERSION = YES;
				CLANG_WARN_CONSTANT_CONVERSION = YES;
				CLANG_WARN_DIRECT_OBJC_ISA_USAGE = YES_ERROR;
				CLANG_WARN_DOCUMENTATION_COMMENTS = YES;
				CLANG_WARN_EMPTY_BODY = YES;
				CLANG_WARN_ENUM_CONVERSION = YES;
				CLANG_WARN_INFINITE_RECURSION = YES;
				CLANG_WARN_INT_CONVERSION = YES;
				CLANG_WARN_OBJC_ROOT_CLASS = YES_ERROR;
				CLANG_WARN_SUSPICIOUS_MOVE = YES;
				CLANG_WARN_UNREACHABLE_CODE = YES;
				CLANG_WARN__DUPLICATE_METHOD_MATCH = YES;
				"CODE_SIGN_IDENTITY[sdk=iphoneos*]" = "iPhone Developer";
				COPY_PHASE_STRIP = NO;
				DEBUG_INFORMATION_FORMAT = dwarf;
				ENABLE_STRICT_OBJC_MSGSEND = YES;
				ENABLE_TESTABILITY = YES;
				GCC_C_LANGUAGE_STANDARD = gnu99;
				GCC_DYNAMIC_NO_PIC = NO;
				GCC_NO_COMMON_BLOCKS = YES;
				GCC_OPTIMIZATION_LEVEL = 0;
				GCC_PREPROCESSOR_DEFINITIONS = (
					"DEBUG=1",
					"$(inherited)",
				);
				GCC_WARN_64_TO_32_BIT_CONVERSION = YES;
				GCC_WARN_ABOUT_RETURN_TYPE = YES_ERROR;
				GCC_WARN_UNDECLARED_SELECTOR = YES;
				GCC_WARN_UNINITIALIZED_AUTOS = YES_AGGRESSIVE;
				GCC_WARN_UNUSED_FUNCTION = YES;
				GCC_WARN_UNUSED_VARIABLE = YES;
				IPHONEOS_DEPLOYMENT_TARGET = 10.2;
				MTL_ENABLE_DEBUG_INFO = YES;
				ONLY_ACTIVE_ARCH = YES;
				SDKROOT = iphoneos;
				SWIFT_ACTIVE_COMPILATION_CONDITIONS = DEBUG;
				SWIFT_OPTIMIZATION_LEVEL = "-Onone";
			};
			name = Debug;
		};
		56DBAE6A1EF7CFAA004F98DD /* Release */ = {
			isa = XCBuildConfiguration;
			buildSettings = {
				ALWAYS_SEARCH_USER_PATHS = NO;
				CLANG_ANALYZER_NONNULL = YES;
				CLANG_CXX_LANGUAGE_STANDARD = "gnu++0x";
				CLANG_CXX_LIBRARY = "libc++";
				CLANG_ENABLE_MODULES = YES;
				CLANG_ENABLE_OBJC_ARC = YES;
				CLANG_WARN_BOOL_CONVERSION = YES;
				CLANG_WARN_CONSTANT_CONVERSION = YES;
				CLANG_WARN_DIRECT_OBJC_ISA_USAGE = YES_ERROR;
				CLANG_WARN_DOCUMENTATION_COMMENTS = YES;
				CLANG_WARN_EMPTY_BODY = YES;
				CLANG_WARN_ENUM_CONVERSION = YES;
				CLANG_WARN_INFINITE_RECURSION = YES;
				CLANG_WARN_INT_CONVERSION = YES;
				CLANG_WARN_OBJC_ROOT_CLASS = YES_ERROR;
				CLANG_WARN_SUSPICIOUS_MOVE = YES;
				CLANG_WARN_UNREACHABLE_CODE = YES;
				CLANG_WARN__DUPLICATE_METHOD_MATCH = YES;
				"CODE_SIGN_IDENTITY[sdk=iphoneos*]" = "iPhone Developer";
				COPY_PHASE_STRIP = NO;
				DEBUG_INFORMATION_FORMAT = "dwarf-with-dsym";
				ENABLE_NS_ASSERTIONS = NO;
				ENABLE_STRICT_OBJC_MSGSEND = YES;
				GCC_C_LANGUAGE_STANDARD = gnu99;
				GCC_NO_COMMON_BLOCKS = YES;
				GCC_WARN_64_TO_32_BIT_CONVERSION = YES;
				GCC_WARN_ABOUT_RETURN_TYPE = YES_ERROR;
				GCC_WARN_UNDECLARED_SELECTOR = YES;
				GCC_WARN_UNINITIALIZED_AUTOS = YES_AGGRESSIVE;
				GCC_WARN_UNUSED_FUNCTION = YES;
				GCC_WARN_UNUSED_VARIABLE = YES;
				IPHONEOS_DEPLOYMENT_TARGET = 10.2;
				MTL_ENABLE_DEBUG_INFO = NO;
				SDKROOT = iphoneos;
				SWIFT_OPTIMIZATION_LEVEL = "-Owholemodule";
				VALIDATE_PRODUCT = YES;
			};
			name = Release;
		};
		56DBAE6C1EF7CFAA004F98DD /* Debug */ = {
			isa = XCBuildConfiguration;
			buildSettings = {
				ASSETCATALOG_COMPILER_APPICON_NAME = AppIcon;
				ASSETCATALOG_COMPILER_LAUNCHIMAGE_NAME = LaunchImage;
				INFOPLIST_FILE = DouYu/Info.plist;
				IPHONEOS_DEPLOYMENT_TARGET = 9.0;
				LD_RUNPATH_SEARCH_PATHS = "$(inherited) @executable_path/Frameworks";
				PRODUCT_BUNDLE_IDENTIFIER = plo.DouYu;
				PRODUCT_NAME = "$(TARGET_NAME)";
				SWIFT_VERSION = 3.0;
			};
			name = Debug;
		};
		56DBAE6D1EF7CFAA004F98DD /* Release */ = {
			isa = XCBuildConfiguration;
			buildSettings = {
				ASSETCATALOG_COMPILER_APPICON_NAME = AppIcon;
				ASSETCATALOG_COMPILER_LAUNCHIMAGE_NAME = LaunchImage;
				INFOPLIST_FILE = DouYu/Info.plist;
				IPHONEOS_DEPLOYMENT_TARGET = 9.0;
				LD_RUNPATH_SEARCH_PATHS = "$(inherited) @executable_path/Frameworks";
				PRODUCT_BUNDLE_IDENTIFIER = plo.DouYu;
				PRODUCT_NAME = "$(TARGET_NAME)";
				SWIFT_VERSION = 3.0;
			};
			name = Release;
		};
/* End XCBuildConfiguration section */

/* Begin XCConfigurationList section */
		56DBAE541EF7CFAA004F98DD /* Build configuration list for PBXProject "DouYu" */ = {
			isa = XCConfigurationList;
			buildConfigurations = (
				56DBAE691EF7CFAA004F98DD /* Debug */,
				56DBAE6A1EF7CFAA004F98DD /* Release */,
			);
			defaultConfigurationIsVisible = 0;
			defaultConfigurationName = Release;
		};
		56DBAE6B1EF7CFAA004F98DD /* Build configuration list for PBXNativeTarget "DouYu" */ = {
			isa = XCConfigurationList;
			buildConfigurations = (
				56DBAE6C1EF7CFAA004F98DD /* Debug */,
				56DBAE6D1EF7CFAA004F98DD /* Release */,
			);
			defaultConfigurationIsVisible = 0;
		};
/* End XCConfigurationList section */
	};
	rootObject = 56DBAE511EF7CFAA004F98DD /* Project object */;
}
